
Microsoft Visual Studio Solution File, Format Version 12.00
# Visual Studio Version 16
VisualStudioVersion = 16.0.30611.23
MinimumVisualStudioVersion = 15.0.26124.0
Project("{2150E333-8FDC-42A3-9474-1A3956D46DE8}") = "src", "src", "{F3041D92-CF57-4DBC-808F-795F2E3FC48B}"
EndProject
Project("{2150E333-8FDC-42A3-9474-1A3956D46DE8}") = "tests", "tests", "{600EB84B-4209-40FF-B1DF-E2E7C86F0280}"
EndProject
Project("{9A19103F-16F7-4668-BE54-9A1E7A4F7556}") = "SqlDsl.Core", "src\SqlDsl.Core\SqlDsl.Core.csproj", "{2F5AABBF-75D3-4E09-A025-F09112E993EA}"
EndProject
Project("{9A19103F-16F7-4668-BE54-9A1E7A4F7556}") = "SqlDsl.ConsoleApp", "tests\SqlDsl.ConsoleApp\SqlDsl.ConsoleApp.csproj", "{E42F11AF-A4D0-446D-941B-CCFCB913A7FD}"
EndProject
Project("{FAE04EC0-301F-11D3-BF4B-00C04F79EFBC}") = "SqlDsl.Core.Tests", "tests\SqlDsl.Core.Tests\SqlDsl.Core.Tests.csproj", "{331D98BF-FA22-4FBE-9339-48ADFA94A536}"
EndProject
Global
	GlobalSection(SolutionConfigurationPlatforms) = preSolution
		Debug|Any CPU = Debug|Any CPU
		Debug|x64 = Debug|x64
		Debug|x86 = Debug|x86
		Release|Any CPU = Release|Any CPU
		Release|x64 = Release|x64
		Release|x86 = Release|x86
	EndGlobalSection
	GlobalSection(ProjectConfigurationPlatforms) = postSolution
		{2F5AABBF-75D3-4E09-A025-F09112E993EA}.Debug|Any CPU.ActiveCfg = Debug|Any CPU
		{2F5AABBF-75D3-4E09-A025-F09112E993EA}.Debug|Any CPU.Build.0 = Debug|Any CPU
		{2F5AABBF-75D3-4E09-A025-F09112E993EA}.Debug|x64.ActiveCfg = Debug|Any CPU
		{2F5AABBF-75D3-4E09-A025-F09112E993EA}.Debug|x64.Build.0 = Debug|Any CPU
		{2F5AABBF-75D3-4E09-A025-F09112E993EA}.Debug|x86.ActiveCfg = Debug|Any CPU
		{2F5AABBF-75D3-4E09-A025-F09112E993EA}.Debug|x86.Build.0 = Debug|Any CPU
		{2F5AABBF-75D3-4E09-A025-F09112E993EA}.Release|Any CPU.ActiveCfg = Release|Any CPU
		{2F5AABBF-75D3-4E09-A025-F09112E993EA}.Release|Any CPU.Build.0 = Release|Any CPU
		{2F5AABBF-75D3-4E09-A025-F09112E993EA}.Release|x64.ActiveCfg = Release|Any CPU
		{2F5AABBF-75D3-4E09-A025-F09112E993EA}.Release|x64.Build.0 = Release|Any CPU
		{2F5AABBF-75D3-4E09-A025-F09112E993EA}.Release|x86.ActiveCfg = Release|Any CPU
		{2F5AABBF-75D3-4E09-A025-F09112E993EA}.Release|x86.Build.0 = Release|Any CPU
		{E42F11AF-A4D0-446D-941B-CCFCB913A7FD}.Debug|Any CPU.ActiveCfg = Debug|Any CPU
		{E42F11AF-A4D0-446D-941B-CCFCB913A7FD}.Debug|Any CPU.Build.0 = Debug|Any CPU
		{E42F11AF-A4D0-446D-941B-CCFCB913A7FD}.Debug|x64.ActiveCfg = Debug|Any CPU
		{E42F11AF-A4D0-446D-941B-CCFCB913A7FD}.Debug|x64.Build.0 = Debug|Any CPU
		{E42F11AF-A4D0-446D-941B-CCFCB913A7FD}.Debug|x86.ActiveCfg = Debug|Any CPU
		{E42F11AF-A4D0-446D-941B-CCFCB913A7FD}.Debug|x86.Build.0 = Debug|Any CPU
		{E42F11AF-A4D0-446D-941B-CCFCB913A7FD}.Release|Any CPU.ActiveCfg = Release|Any CPU
		{E42F11AF-A4D0-446D-941B-CCFCB913A7FD}.Release|Any CPU.Build.0 = Release|Any CPU
		{E42F11AF-A4D0-446D-941B-CCFCB913A7FD}.Release|x64.ActiveCfg = Release|Any CPU
		{E42F11AF-A4D0-446D-941B-CCFCB913A7FD}.Release|x64.Build.0 = Release|Any CPU
		{E42F11AF-A4D0-446D-941B-CCFCB913A7FD}.Release|x86.ActiveCfg = Release|Any CPU
		{E42F11AF-A4D0-446D-941B-CCFCB913A7FD}.Release|x86.Build.0 = Release|Any CPU
		{331D98BF-FA22-4FBE-9339-48ADFA94A536}.Debug|Any CPU.ActiveCfg = Debug|Any CPU
		{331D98BF-FA22-4FBE-9339-48ADFA94A536}.Debug|Any CPU.Build.0 = Debug|Any CPU
		{331D98BF-FA22-4FBE-9339-48ADFA94A536}.Debug|x64.ActiveCfg = Debug|Any CPU
		{331D98BF-FA22-4FBE-9339-48ADFA94A536}.Debug|x64.Build.0 = Debug|Any CPU
		{331D98BF-FA22-4FBE-9339-48ADFA94A536}.Debug|x86.ActiveCfg = Debug|Any CPU
		{331D98BF-FA22-4FBE-9339-48ADFA94A536}.Debug|x86.Build.0 = Debug|Any CPU
		{331D98BF-FA22-4FBE-9339-48ADFA94A536}.Release|Any CPU.ActiveCfg = Release|Any CPU
		{331D98BF-FA22-4FBE-9339-48ADFA94A536}.Release|Any CPU.Build.0 = Release|Any CPU
		{331D98BF-FA22-4FBE-9339-48ADFA94A536}.Release|x64.ActiveCfg = Release|Any CPU
		{331D98BF-FA22-4FBE-9339-48ADFA94A536}.Release|x64.Build.0 = Release|Any CPU
		{331D98BF-FA22-4FBE-9339-48ADFA94A536}.Release|x86.ActiveCfg = Release|Any CPU
		{331D98BF-FA22-4FBE-9339-48ADFA94A536}.Release|x86.Build.0 = Release|Any CPU
	EndGlobalSection
	GlobalSection(SolutionProperties) = preSolution
		HideSolutionNode = FALSE
	EndGlobalSection
	GlobalSection(NestedProjects) = preSolution
		{2F5AABBF-75D3-4E09-A025-F09112E993EA} = {F3041D92-CF57-4DBC-808F-795F2E3FC48B}
		{E42F11AF-A4D0-446D-941B-CCFCB913A7FD} = {600EB84B-4209-40FF-B1DF-E2E7C86F0280}
		{331D98BF-FA22-4FBE-9339-48ADFA94A536} = {600EB84B-4209-40FF-B1DF-E2E7C86F0280}
	EndGlobalSection
	GlobalSection(ExtensibilityGlobals) = postSolution
		SolutionGuid = {16CE5BFA-44D3-488F-A0A5-CEBCE844F727}
	EndGlobalSection
EndGlobal
